# This file is automatically @generated by Cargo.
# It is not intended for manual editing.
version = 4

[[package]]
name = "calc_tau"
version = "0.1.0"

[[package]]
name = "calc_temp"
version = "0.1.0"

[[package]]
name = "led_calc"
version = "0.1.0"

[[package]]
name = "led_calc_incurr"
version = "0.1.0"
